
Microsoft Visual Studio Solution File, Format Version 12.00
# Visual Studio Version 17
VisualStudioVersion = 17.14.36414.22
MinimumVisualStudioVersion = 10.0.40219.1
Project("{2150E333-8FDC-42A3-9474-1A3956D46DE8}") = "Task0", "Task0", "{36D591C7-65C7-A0D1-1CBC-10CDE441BDC8}"
EndProject
Project("{FAE04EC0-301F-11D3-BF4B-00C04F79EFBC}") = "Tyuiu.YarkovSD.Sprint5.Task0.V29", "Tyuiu.YarkovSD.Sprint5.Task0.V29\Tyuiu.YarkovSD.Sprint5.Task0.V29.csproj", "{460FE3CC-A87E-43C1-A500-6A4277EDA78E}"
EndProject
Project("{FAE04EC0-301F-11D3-BF4B-00C04F79EFBC}") = "Tyuiu.YarkovSD.Sprint5.Task0.V29.Test", "Tyuiu.YarkovSD.Sprint5.Task0.V29.Test\Tyuiu.YarkovSD.Sprint5.Task0.V29.Test.csproj", "{43437DF9-B096-4D8F-AEAC-87D9DD4B4765}"
EndProject
Project("{FAE04EC0-301F-11D3-BF4B-00C04F79EFBC}") = "Tyuiu.YarkovSD.Sprint5.Task0.V29.Lib", "Tyuiu.YarkovSD.Sprint5.Task0.V29.Lib\Tyuiu.YarkovSD.Sprint5.Task0.V29.Lib.csproj", "{2A08A4EE-4CB8-424C-BD0D-4805581EE539}"
EndProject
Project("{2150E333-8FDC-42A3-9474-1A3956D46DE8}") = "Task1", "Task1", "{20417D6A-BD57-4098-9347-8818734527B6}"
EndProject
Project("{FAE04EC0-301F-11D3-BF4B-00C04F79EFBC}") = "Tyuiu.YarkovSD.Sprint5.Task1.V23.Lib", "Tyuiu.YarkovSD.Sprint5.Task1.V23.Lib\Tyuiu.YarkovSD.Sprint5.Task1.V23.Lib.csproj", "{C5C78E38-0D0C-4046-946F-9EDDC731E8B0}"
EndProject
Project("{FAE04EC0-301F-11D3-BF4B-00C04F79EFBC}") = "Tyuiu.YarkovSD.Sprint5.Task1.V23.Test", "Tyuiu.YarkovSD.Sprint5.Task1.V23.Test\Tyuiu.YarkovSD.Sprint5.Task1.V23.Test.csproj", "{46229879-7D17-42AF-B70F-F767643A2A14}"
EndProject
Project("{2150E333-8FDC-42A3-9474-1A3956D46DE8}") = "Task2", "Task2", "{48A29B32-A7B5-47B3-A427-E75C471A8D1C}"
EndProject
Project("{FAE04EC0-301F-11D3-BF4B-00C04F79EFBC}") = "Tyuiu.YarkovSD.Sprint5.Task2.V16", "Tyuiu.YarkovSD.Sprint5.Task2.V16\Tyuiu.YarkovSD.Sprint5.Task2.V16.csproj", "{5706C04A-2E08-416A-9E60-F474A61B7C21}"
EndProject
Project("{FAE04EC0-301F-11D3-BF4B-00C04F79EFBC}") = "Tyuiu.YarkovSD.Sprint5.Task2.V16.Lib", "Tyuiu.YarkovSD.Sprint5.Task2.V16.Lib\Tyuiu.YarkovSD.Sprint5.Task2.V16.Lib.csproj", "{592FE6C5-7625-4E00-BC7D-7579AB5C1670}"
EndProject
Project("{FAE04EC0-301F-11D3-BF4B-00C04F79EFBC}") = "Tyuiu.YarkovSD.Sprint5.Task2.V16.Test", "Tyuiu.YarkovSD.Sprint5.Task2.V16.Test\Tyuiu.YarkovSD.Sprint5.Task2.V16.Test.csproj", "{2AE7A0B8-9960-4A5D-A27C-0CA8CFF40BED}"
EndProject
Project("{2150E333-8FDC-42A3-9474-1A3956D46DE8}") = "Task3", "Task3", "{BABCAED4-7E5A-4934-92C9-435BEB84A1ED}"
EndProject
Project("{FAE04EC0-301F-11D3-BF4B-00C04F79EFBC}") = "Tyuiu.YarkovSD.Sprint5.Task3.V23", "Tyuiu.YarkovSD.Sprint5.Task3.V23\Tyuiu.YarkovSD.Sprint5.Task3.V23.csproj", "{2FF2397D-98BC-4AA4-AFF6-BE574482B737}"
EndProject
Project("{FAE04EC0-301F-11D3-BF4B-00C04F79EFBC}") = "Tyuiu.YarkovSD.Sprint5.Task3.V23.Lib", "Tyuiu.YarkovSD.Sprint5.Task3.V23.Lib\Tyuiu.YarkovSD.Sprint5.Task3.V23.Lib.csproj", "{4ED5E07F-FE51-462C-9AB7-8FF4DD23ECC6}"
EndProject
Project("{FAE04EC0-301F-11D3-BF4B-00C04F79EFBC}") = "Tyuiu.YarkovSD.Sprint5.Task3.V23.Test", "Tyuiu.YarkovSD.Sprint5.Task3.V23.Test\Tyuiu.YarkovSD.Sprint5.Task3.V23.Test.csproj", "{E2205B97-AB64-427B-9180-E575BD2C6871}"
EndProject
Project("{2150E333-8FDC-42A3-9474-1A3956D46DE8}") = "Task4", "Task4", "{ECE7F861-A949-407B-8AE9-F7F399E2383D}"
EndProject
Project("{FAE04EC0-301F-11D3-BF4B-00C04F79EFBC}") = "Tyuiu.YarkovSD.Sprint5.Task4.V23", "Tyuiu.YarkovSD.Sprint5.Task4.V23\Tyuiu.YarkovSD.Sprint5.Task4.V23.csproj", "{F6E8F454-4BA2-4B0B-9E38-0F875F5B5605}"
EndProject
Project("{FAE04EC0-301F-11D3-BF4B-00C04F79EFBC}") = "Tyuiu.YarkovSD.Sprint5.Task4.V23.Lib", "Tyuiu.YarkovSD.Sprint5.Task4.V23.Lib\Tyuiu.YarkovSD.Sprint5.Task4.V23.Lib.csproj", "{572598A3-F81D-4619-A5DE-9427530C955A}"
EndProject
Project("{FAE04EC0-301F-11D3-BF4B-00C04F79EFBC}") = "Tyuiu.YarkovSD.Sprint5.Task4.V23.Test", "Tyuiu.YarkovSD.Sprint5.Task4.V23.Test\Tyuiu.YarkovSD.Sprint5.Task4.V23.Test.csproj", "{C1FB364D-25E8-41D9-9D38-A05D2D4B59D1}"
EndProject
Project("{2150E333-8FDC-42A3-9474-1A3956D46DE8}") = "Task5", "Task5", "{4A985056-A738-47C0-A8B0-0CF23274E4C9}"
EndProject
Project("{FAE04EC0-301F-11D3-BF4B-00C04F79EFBC}") = "Tyuiu.YarkovSD.Sprint5.Task5.V23", "Tyuiu.YarkovSD.Sprint5.Task5.V23\Tyuiu.YarkovSD.Sprint5.Task5.V23.csproj", "{43C96758-47DB-4F8B-B900-972584FF5136}"
EndProject
Project("{FAE04EC0-301F-11D3-BF4B-00C04F79EFBC}") = "Tyuiu.YarkovSD.Sprint5.Task5.V23.Lib", "Tyuiu.YarkovSD.Sprint5.Task5.V23.Lib\Tyuiu.YarkovSD.Sprint5.Task5.V23.Lib.csproj", "{3E9E6262-6B04-445C-B70F-C7FB2D8BBC7D}"
EndProject
Project("{FAE04EC0-301F-11D3-BF4B-00C04F79EFBC}") = "Tyuiu.YarkovSD.Sprint5.Task5.V23.Test", "Tyuiu.YarkovSD.Sprint5.Task5.V23.Test\Tyuiu.YarkovSD.Sprint5.Task5.V23.Test.csproj", "{F6A0D3FA-AC1F-45AA-80DD-D81899875998}"
EndProject
Project("{2150E333-8FDC-42A3-9474-1A3956D46DE8}") = "Task6", "Task6", "{22C46AE6-ADA8-4328-B51E-4C423BEA9495}"
EndProject
Project("{FAE04EC0-301F-11D3-BF4B-00C04F79EFBC}") = "Tyuiu.YarkovSD.Sprint5.Task6.V2", "Tyuiu.YarkovSD.Sprint5.Task6.V2\Tyuiu.YarkovSD.Sprint5.Task6.V2.csproj", "{AF0610B5-D060-4E95-B102-C4204229ED7E}"
EndProject
Project("{FAE04EC0-301F-11D3-BF4B-00C04F79EFBC}") = "Tyuiu.YarkovSD.Sprint5.Task6.V2.Lib", "Tyuiu.YarkovSD.Sprint5.Task6.V2.Lib\Tyuiu.YarkovSD.Sprint5.Task6.V2.Lib.csproj", "{CC138FED-58FC-4F70-9547-DC810F1B0DDB}"
EndProject
Project("{FAE04EC0-301F-11D3-BF4B-00C04F79EFBC}") = "Tyuiu.YarkovSD.Sprint5.Task6.V2.Test", "Tyuiu.YarkovSD.Sprint5.Task6.V2.Test\Tyuiu.YarkovSD.Sprint5.Task6.V2.Test.csproj", "{D6B78B92-3A5B-4C15-A7A2-1AD9259B8F34}"
EndProject
Global
	GlobalSection(SolutionConfigurationPlatforms) = preSolution
		Debug|Any CPU = Debug|Any CPU
		Release|Any CPU = Release|Any CPU
	EndGlobalSection
	GlobalSection(ProjectConfigurationPlatforms) = postSolution
		{460FE3CC-A87E-43C1-A500-6A4277EDA78E}.Debug|Any CPU.ActiveCfg = Debug|Any CPU
		{460FE3CC-A87E-43C1-A500-6A4277EDA78E}.Debug|Any CPU.Build.0 = Debug|Any CPU
		{460FE3CC-A87E-43C1-A500-6A4277EDA78E}.Release|Any CPU.ActiveCfg = Release|Any CPU
		{460FE3CC-A87E-43C1-A500-6A4277EDA78E}.Release|Any CPU.Build.0 = Release|Any CPU
		{43437DF9-B096-4D8F-AEAC-87D9DD4B4765}.Debug|Any CPU.ActiveCfg = Debug|Any CPU
		{43437DF9-B096-4D8F-AEAC-87D9DD4B4765}.Debug|Any CPU.Build.0 = Debug|Any CPU
		{43437DF9-B096-4D8F-AEAC-87D9DD4B4765}.Release|Any CPU.ActiveCfg = Release|Any CPU
		{43437DF9-B096-4D8F-AEAC-87D9DD4B4765}.Release|Any CPU.Build.0 = Release|Any CPU
		{2A08A4EE-4CB8-424C-BD0D-4805581EE539}.Debug|Any CPU.ActiveCfg = Debug|Any CPU
		{2A08A4EE-4CB8-424C-BD0D-4805581EE539}.Debug|Any CPU.Build.0 = Debug|Any CPU
		{2A08A4EE-4CB8-424C-BD0D-4805581EE539}.Release|Any CPU.ActiveCfg = Release|Any CPU
		{2A08A4EE-4CB8-424C-BD0D-4805581EE539}.Release|Any CPU.Build.0 = Release|Any CPU
		{C5C78E38-0D0C-4046-946F-9EDDC731E8B0}.Debug|Any CPU.ActiveCfg = Debug|Any CPU
		{C5C78E38-0D0C-4046-946F-9EDDC731E8B0}.Debug|Any CPU.Build.0 = Debug|Any CPU
		{C5C78E38-0D0C-4046-946F-9EDDC731E8B0}.Release|Any CPU.ActiveCfg = Release|Any CPU
		{C5C78E38-0D0C-4046-946F-9EDDC731E8B0}.Release|Any CPU.Build.0 = Release|Any CPU
		{46229879-7D17-42AF-B70F-F767643A2A14}.Debug|Any CPU.ActiveCfg = Debug|Any CPU
		{46229879-7D17-42AF-B70F-F767643A2A14}.Debug|Any CPU.Build.0 = Debug|Any CPU
		{46229879-7D17-42AF-B70F-F767643A2A14}.Release|Any CPU.ActiveCfg = Release|Any CPU
		{46229879-7D17-42AF-B70F-F767643A2A14}.Release|Any CPU.Build.0 = Release|Any CPU
		{5706C04A-2E08-416A-9E60-F474A61B7C21}.Debug|Any CPU.ActiveCfg = Debug|Any CPU
		{5706C04A-2E08-416A-9E60-F474A61B7C21}.Debug|Any CPU.Build.0 = Debug|Any CPU
		{5706C04A-2E08-416A-9E60-F474A61B7C21}.Release|Any CPU.ActiveCfg = Release|Any CPU
		{5706C04A-2E08-416A-9E60-F474A61B7C21}.Release|Any CPU.Build.0 = Release|Any CPU
		{592FE6C5-7625-4E00-BC7D-7579AB5C1670}.Debug|Any CPU.ActiveCfg = Debug|Any CPU
		{592FE6C5-7625-4E00-BC7D-7579AB5C1670}.Debug|Any CPU.Build.0 = Debug|Any CPU
		{592FE6C5-7625-4E00-BC7D-7579AB5C1670}.Release|Any CPU.ActiveCfg = Release|Any CPU
		{592FE6C5-7625-4E00-BC7D-7579AB5C1670}.Release|Any CPU.Build.0 = Release|Any CPU
		{2AE7A0B8-9960-4A5D-A27C-0CA8CFF40BED}.Debug|Any CPU.ActiveCfg = Debug|Any CPU
		{2AE7A0B8-9960-4A5D-A27C-0CA8CFF40BED}.Debug|Any CPU.Build.0 = Debug|Any CPU
		{2AE7A0B8-9960-4A5D-A27C-0CA8CFF40BED}.Release|Any CPU.ActiveCfg = Release|Any CPU
		{2AE7A0B8-9960-4A5D-A27C-0CA8CFF40BED}.Release|Any CPU.Build.0 = Release|Any CPU
		{2FF2397D-98BC-4AA4-AFF6-BE574482B737}.Debug|Any CPU.ActiveCfg = Debug|Any CPU
		{2FF2397D-98BC-4AA4-AFF6-BE574482B737}.Debug|Any CPU.Build.0 = Debug|Any CPU
		{2FF2397D-98BC-4AA4-AFF6-BE574482B737}.Release|Any CPU.ActiveCfg = Release|Any CPU
		{2FF2397D-98BC-4AA4-AFF6-BE574482B737}.Release|Any CPU.Build.0 = Release|Any CPU
		{4ED5E07F-FE51-462C-9AB7-8FF4DD23ECC6}.Debug|Any CPU.ActiveCfg = Debug|Any CPU
		{4ED5E07F-FE51-462C-9AB7-8FF4DD23ECC6}.Debug|Any CPU.Build.0 = Debug|Any CPU
		{4ED5E07F-FE51-462C-9AB7-8FF4DD23ECC6}.Release|Any CPU.ActiveCfg = Release|Any CPU
		{4ED5E07F-FE51-462C-9AB7-8FF4DD23ECC6}.Release|Any CPU.Build.0 = Release|Any CPU
		{E2205B97-AB64-427B-9180-E575BD2C6871}.Debug|Any CPU.ActiveCfg = Debug|Any CPU
		{E2205B97-AB64-427B-9180-E575BD2C6871}.Debug|Any CPU.Build.0 = Debug|Any CPU
		{E2205B97-AB64-427B-9180-E575BD2C6871}.Release|Any CPU.ActiveCfg = Release|Any CPU
		{E2205B97-AB64-427B-9180-E575BD2C6871}.Release|Any CPU.Build.0 = Release|Any CPU
		{F6E8F454-4BA2-4B0B-9E38-0F875F5B5605}.Debug|Any CPU.ActiveCfg = Debug|Any CPU
		{F6E8F454-4BA2-4B0B-9E38-0F875F5B5605}.Debug|Any CPU.Build.0 = Debug|Any CPU
		{F6E8F454-4BA2-4B0B-9E38-0F875F5B5605}.Release|Any CPU.ActiveCfg = Release|Any CPU
		{F6E8F454-4BA2-4B0B-9E38-0F875F5B5605}.Release|Any CPU.Build.0 = Release|Any CPU
		{572598A3-F81D-4619-A5DE-9427530C955A}.Debug|Any CPU.ActiveCfg = Debug|Any CPU
		{572598A3-F81D-4619-A5DE-9427530C955A}.Debug|Any CPU.Build.0 = Debug|Any CPU
		{572598A3-F81D-4619-A5DE-9427530C955A}.Release|Any CPU.ActiveCfg = Release|Any CPU
		{572598A3-F81D-4619-A5DE-9427530C955A}.Release|Any CPU.Build.0 = Release|Any CPU
		{C1FB364D-25E8-41D9-9D38-A05D2D4B59D1}.Debug|Any CPU.ActiveCfg = Debug|Any CPU
		{C1FB364D-25E8-41D9-9D38-A05D2D4B59D1}.Debug|Any CPU.Build.0 = Debug|Any CPU
		{C1FB364D-25E8-41D9-9D38-A05D2D4B59D1}.Release|Any CPU.ActiveCfg = Release|Any CPU
		{C1FB364D-25E8-41D9-9D38-A05D2D4B59D1}.Release|Any CPU.Build.0 = Release|Any CPU
		{43C96758-47DB-4F8B-B900-972584FF5136}.Debug|Any CPU.ActiveCfg = Debug|Any CPU
		{43C96758-47DB-4F8B-B900-972584FF5136}.Debug|Any CPU.Build.0 = Debug|Any CPU
		{43C96758-47DB-4F8B-B900-972584FF5136}.Release|Any CPU.ActiveCfg = Release|Any CPU
		{43C96758-47DB-4F8B-B900-972584FF5136}.Release|Any CPU.Build.0 = Release|Any CPU
		{3E9E6262-6B04-445C-B70F-C7FB2D8BBC7D}.Debug|Any CPU.ActiveCfg = Debug|Any CPU
		{3E9E6262-6B04-445C-B70F-C7FB2D8BBC7D}.Debug|Any CPU.Build.0 = Debug|Any CPU
		{3E9E6262-6B04-445C-B70F-C7FB2D8BBC7D}.Release|Any CPU.ActiveCfg = Release|Any CPU
		{3E9E6262-6B04-445C-B70F-C7FB2D8BBC7D}.Release|Any CPU.Build.0 = Release|Any CPU
		{F6A0D3FA-AC1F-45AA-80DD-D81899875998}.Debug|Any CPU.ActiveCfg = Debug|Any CPU
		{F6A0D3FA-AC1F-45AA-80DD-D81899875998}.Debug|Any CPU.Build.0 = Debug|Any CPU
		{F6A0D3FA-AC1F-45AA-80DD-D81899875998}.Release|Any CPU.ActiveCfg = Release|Any CPU
		{F6A0D3FA-AC1F-45AA-80DD-D81899875998}.Release|Any CPU.Build.0 = Release|Any CPU
		{AF0610B5-D060-4E95-B102-C4204229ED7E}.Debug|Any CPU.ActiveCfg = Debug|Any CPU
		{AF0610B5-D060-4E95-B102-C4204229ED7E}.Debug|Any CPU.Build.0 = Debug|Any CPU
		{AF0610B5-D060-4E95-B102-C4204229ED7E}.Release|Any CPU.ActiveCfg = Release|Any CPU
		{AF0610B5-D060-4E95-B102-C4204229ED7E}.Release|Any CPU.Build.0 = Release|Any CPU
		{CC138FED-58FC-4F70-9547-DC810F1B0DDB}.Debug|Any CPU.ActiveCfg = Debug|Any CPU
		{CC138FED-58FC-4F70-9547-DC810F1B0DDB}.Debug|Any CPU.Build.0 = Debug|Any CPU
		{CC138FED-58FC-4F70-9547-DC810F1B0DDB}.Release|Any CPU.ActiveCfg = Release|Any CPU
		{CC138FED-58FC-4F70-9547-DC810F1B0DDB}.Release|Any CPU.Build.0 = Release|Any CPU
		{D6B78B92-3A5B-4C15-A7A2-1AD9259B8F34}.Debug|Any CPU.ActiveCfg = Debug|Any CPU
		{D6B78B92-3A5B-4C15-A7A2-1AD9259B8F34}.Debug|Any CPU.Build.0 = Debug|Any CPU
		{D6B78B92-3A5B-4C15-A7A2-1AD9259B8F34}.Release|Any CPU.ActiveCfg = Release|Any CPU
		{D6B78B92-3A5B-4C15-A7A2-1AD9259B8F34}.Release|Any CPU.Build.0 = Release|Any CPU
	EndGlobalSection
	GlobalSection(SolutionProperties) = preSolution
		HideSolutionNode = FALSE
	EndGlobalSection
	GlobalSection(NestedProjects) = preSolution
		{460FE3CC-A87E-43C1-A500-6A4277EDA78E} = {36D591C7-65C7-A0D1-1CBC-10CDE441BDC8}
		{43437DF9-B096-4D8F-AEAC-87D9DD4B4765} = {36D591C7-65C7-A0D1-1CBC-10CDE441BDC8}
		{2A08A4EE-4CB8-424C-BD0D-4805581EE539} = {36D591C7-65C7-A0D1-1CBC-10CDE441BDC8}
		{C5C78E38-0D0C-4046-946F-9EDDC731E8B0} = {20417D6A-BD57-4098-9347-8818734527B6}
		{46229879-7D17-42AF-B70F-F767643A2A14} = {20417D6A-BD57-4098-9347-8818734527B6}
		{5706C04A-2E08-416A-9E60-F474A61B7C21} = {48A29B32-A7B5-47B3-A427-E75C471A8D1C}
		{592FE6C5-7625-4E00-BC7D-7579AB5C1670} = {48A29B32-A7B5-47B3-A427-E75C471A8D1C}
		{2AE7A0B8-9960-4A5D-A27C-0CA8CFF40BED} = {48A29B32-A7B5-47B3-A427-E75C471A8D1C}
		{2FF2397D-98BC-4AA4-AFF6-BE574482B737} = {BABCAED4-7E5A-4934-92C9-435BEB84A1ED}
		{4ED5E07F-FE51-462C-9AB7-8FF4DD23ECC6} = {BABCAED4-7E5A-4934-92C9-435BEB84A1ED}
		{E2205B97-AB64-427B-9180-E575BD2C6871} = {BABCAED4-7E5A-4934-92C9-435BEB84A1ED}
		{F6E8F454-4BA2-4B0B-9E38-0F875F5B5605} = {ECE7F861-A949-407B-8AE9-F7F399E2383D}
		{572598A3-F81D-4619-A5DE-9427530C955A} = {ECE7F861-A949-407B-8AE9-F7F399E2383D}
		{C1FB364D-25E8-41D9-9D38-A05D2D4B59D1} = {ECE7F861-A949-407B-8AE9-F7F399E2383D}
		{43C96758-47DB-4F8B-B900-972584FF5136} = {4A985056-A738-47C0-A8B0-0CF23274E4C9}
		{3E9E6262-6B04-445C-B70F-C7FB2D8BBC7D} = {4A985056-A738-47C0-A8B0-0CF23274E4C9}
		{F6A0D3FA-AC1F-45AA-80DD-D81899875998} = {4A985056-A738-47C0-A8B0-0CF23274E4C9}
		{AF0610B5-D060-4E95-B102-C4204229ED7E} = {22C46AE6-ADA8-4328-B51E-4C423BEA9495}
		{CC138FED-58FC-4F70-9547-DC810F1B0DDB} = {22C46AE6-ADA8-4328-B51E-4C423BEA9495}
		{D6B78B92-3A5B-4C15-A7A2-1AD9259B8F34} = {22C46AE6-ADA8-4328-B51E-4C423BEA9495}
	EndGlobalSection
	GlobalSection(ExtensibilityGlobals) = postSolution
		SolutionGuid = {01E9FFED-FC68-4970-A5A4-02C4059386DE}
	EndGlobalSection
EndGlobal
