
Microsoft Visual Studio Solution File, Format Version 12.00
# Visual Studio Version 17
VisualStudioVersion = 17.14.36414.22 d17.14
MinimumVisualStudioVersion = 10.0.40219.1
Project("{2150E333-8FDC-42A3-9474-1A3956D46DE8}") = "Task0", "Task0", "{36D591C7-65C7-A0D1-1CBC-10CDE441BDC8}"
EndProject
Project("{FAE04EC0-301F-11D3-BF4B-00C04F79EFBC}") = "Tyuiu.YarkovSD.Sprint5.Task0.V29", "Tyuiu.YarkovSD.Sprint5.Task0.V29\Tyuiu.YarkovSD.Sprint5.Task0.V29.csproj", "{460FE3CC-A87E-43C1-A500-6A4277EDA78E}"
EndProject
Project("{FAE04EC0-301F-11D3-BF4B-00C04F79EFBC}") = "Tyuiu.YarkovSD.Sprint5.Task0.V29.Test", "Tyuiu.YarkovSD.Sprint5.Task0.V29.Test\Tyuiu.YarkovSD.Sprint5.Task0.V29.Test.csproj", "{43437DF9-B096-4D8F-AEAC-87D9DD4B4765}"
EndProject
Project("{FAE04EC0-301F-11D3-BF4B-00C04F79EFBC}") = "Tyuiu.YarkovSD.Sprint5.Task0.V29.Lib", "Tyuiu.YarkovSD.Sprint5.Task0.V29.Lib\Tyuiu.YarkovSD.Sprint5.Task0.V29.Lib.csproj", "{2A08A4EE-4CB8-424C-BD0D-4805581EE539}"
EndProject
Project("{2150E333-8FDC-42A3-9474-1A3956D46DE8}") = "Task1", "Task1", "{20417D6A-BD57-4098-9347-8818734527B6}"
EndProject
Project("{FAE04EC0-301F-11D3-BF4B-00C04F79EFBC}") = "Tyuiu.YarkovSD.Sprint5.Task1.V23", "Tyuiu.YarkovSD.Sprint5.Task1V23\Tyuiu.YarkovSD.Sprint5.Task1.V23.csproj", "{F93DD8A1-6BE7-41B6-80F2-160840D1406A}"
EndProject
Project("{FAE04EC0-301F-11D3-BF4B-00C04F79EFBC}") = "Tyuiu.YarkovSD.Sprint5.Task1.V23.Test", "Tyuiu.YarkovSD.Sprint5.Task1.V23.Test\Tyuiu.YarkovSD.Sprint5.Task1.V23.Test.csproj", "{30B97F00-EBDC-4A99-B324-2DBD0F629F80}"
EndProject
Project("{FAE04EC0-301F-11D3-BF4B-00C04F79EFBC}") = "Tyuiu.YarkovSD.Sprint5.Task1.V23.Lib", "Tyuiu.YarkovSD.Sprint5.Task1.V23.Lib\Tyuiu.YarkovSD.Sprint5.Task1.V23.Lib.csproj", "{EF85A66D-CF8C-4371-B5FB-0207266BCAC6}"
EndProject
Global
	GlobalSection(SolutionConfigurationPlatforms) = preSolution
		Debug|Any CPU = Debug|Any CPU
		Release|Any CPU = Release|Any CPU
	EndGlobalSection
	GlobalSection(ProjectConfigurationPlatforms) = postSolution
		{460FE3CC-A87E-43C1-A500-6A4277EDA78E}.Debug|Any CPU.ActiveCfg = Debug|Any CPU
		{460FE3CC-A87E-43C1-A500-6A4277EDA78E}.Debug|Any CPU.Build.0 = Debug|Any CPU
		{460FE3CC-A87E-43C1-A500-6A4277EDA78E}.Release|Any CPU.ActiveCfg = Release|Any CPU
		{460FE3CC-A87E-43C1-A500-6A4277EDA78E}.Release|Any CPU.Build.0 = Release|Any CPU
		{43437DF9-B096-4D8F-AEAC-87D9DD4B4765}.Debug|Any CPU.ActiveCfg = Debug|Any CPU
		{43437DF9-B096-4D8F-AEAC-87D9DD4B4765}.Debug|Any CPU.Build.0 = Debug|Any CPU
		{43437DF9-B096-4D8F-AEAC-87D9DD4B4765}.Release|Any CPU.ActiveCfg = Release|Any CPU
		{43437DF9-B096-4D8F-AEAC-87D9DD4B4765}.Release|Any CPU.Build.0 = Release|Any CPU
		{2A08A4EE-4CB8-424C-BD0D-4805581EE539}.Debug|Any CPU.ActiveCfg = Debug|Any CPU
		{2A08A4EE-4CB8-424C-BD0D-4805581EE539}.Debug|Any CPU.Build.0 = Debug|Any CPU
		{2A08A4EE-4CB8-424C-BD0D-4805581EE539}.Release|Any CPU.ActiveCfg = Release|Any CPU
		{2A08A4EE-4CB8-424C-BD0D-4805581EE539}.Release|Any CPU.Build.0 = Release|Any CPU
		{F93DD8A1-6BE7-41B6-80F2-160840D1406A}.Debug|Any CPU.ActiveCfg = Debug|Any CPU
		{F93DD8A1-6BE7-41B6-80F2-160840D1406A}.Debug|Any CPU.Build.0 = Debug|Any CPU
		{F93DD8A1-6BE7-41B6-80F2-160840D1406A}.Release|Any CPU.ActiveCfg = Release|Any CPU
		{F93DD8A1-6BE7-41B6-80F2-160840D1406A}.Release|Any CPU.Build.0 = Release|Any CPU
		{30B97F00-EBDC-4A99-B324-2DBD0F629F80}.Debug|Any CPU.ActiveCfg = Debug|Any CPU
		{30B97F00-EBDC-4A99-B324-2DBD0F629F80}.Debug|Any CPU.Build.0 = Debug|Any CPU
		{30B97F00-EBDC-4A99-B324-2DBD0F629F80}.Release|Any CPU.ActiveCfg = Release|Any CPU
		{30B97F00-EBDC-4A99-B324-2DBD0F629F80}.Release|Any CPU.Build.0 = Release|Any CPU
		{EF85A66D-CF8C-4371-B5FB-0207266BCAC6}.Debug|Any CPU.ActiveCfg = Debug|Any CPU
		{EF85A66D-CF8C-4371-B5FB-0207266BCAC6}.Debug|Any CPU.Build.0 = Debug|Any CPU
		{EF85A66D-CF8C-4371-B5FB-0207266BCAC6}.Release|Any CPU.ActiveCfg = Release|Any CPU
		{EF85A66D-CF8C-4371-B5FB-0207266BCAC6}.Release|Any CPU.Build.0 = Release|Any CPU
	EndGlobalSection
	GlobalSection(SolutionProperties) = preSolution
		HideSolutionNode = FALSE
	EndGlobalSection
	GlobalSection(NestedProjects) = preSolution
		{460FE3CC-A87E-43C1-A500-6A4277EDA78E} = {36D591C7-65C7-A0D1-1CBC-10CDE441BDC8}
		{43437DF9-B096-4D8F-AEAC-87D9DD4B4765} = {36D591C7-65C7-A0D1-1CBC-10CDE441BDC8}
		{2A08A4EE-4CB8-424C-BD0D-4805581EE539} = {36D591C7-65C7-A0D1-1CBC-10CDE441BDC8}
		{F93DD8A1-6BE7-41B6-80F2-160840D1406A} = {20417D6A-BD57-4098-9347-8818734527B6}
		{30B97F00-EBDC-4A99-B324-2DBD0F629F80} = {20417D6A-BD57-4098-9347-8818734527B6}
		{EF85A66D-CF8C-4371-B5FB-0207266BCAC6} = {20417D6A-BD57-4098-9347-8818734527B6}
	EndGlobalSection
	GlobalSection(ExtensibilityGlobals) = postSolution
		SolutionGuid = {01E9FFED-FC68-4970-A5A4-02C4059386DE}
	EndGlobalSection
EndGlobal
